
Microsoft Visual Studio Solution File, Format Version 12.00
# Visual Studio Version 17
VisualStudioVersion = 17.0.32126.317
MinimumVisualStudioVersion = 10.0.40219.1
Project("{2150E333-8FDC-42A3-9474-1A3956D46DE8}") = "src", "src", "{55C2DD39-3BE6-4123-918B-E9DBC725B6AE}"
EndProject
Project("{2150E333-8FDC-42A3-9474-1A3956D46DE8}") = "tests", "tests", "{36D68C5A-786B-4576-940D-A636E667127A}"
EndProject
Project("{9A19103F-16F7-4668-BE54-9A1E7A4F7556}") = "FileSizeFromBase64.NET", "src\FileSizeFromBase64.NET\FileSizeFromBase64.NET.csproj", "{7CBE7079-23DF-4EE0-899A-62C030D89777}"
EndProject
Project("{9A19103F-16F7-4668-BE54-9A1E7A4F7556}") = "FileSizeFromBase64.NET.Tests", "tests\FileSizeFromBase64.NET.Tests\FileSizeFromBase64.NET.Tests.csproj", "{FF13BB86-E941-42C8-9419-908AC08F80E8}"
EndProject
Project("{9A19103F-16F7-4668-BE54-9A1E7A4F7556}") = "FileSizeFromBase64.NET.ConsoleApp", "tests\FileSizeFromBase64.NET.ConsoleApp\FileSizeFromBase64.NET.ConsoleApp.csproj", "{100450D0-E6CE-4D9D-8A0C-B909392F65C4}"
EndProject
Project("{FAE04EC0-301F-11D3-BF4B-00C04F79EFBC}") = "FileSizeFromBase64.Benchmarks", "tests\FileSizeFromBase64.Benchmarks\FileSizeFromBase64.Benchmarks.csproj", "{691C89B2-AD2B-49FC-B5FD-C4F97F717A45}"
EndProject
Global
	GlobalSection(SolutionConfigurationPlatforms) = preSolution
		Debug|Any CPU = Debug|Any CPU
		Release|Any CPU = Release|Any CPU
	EndGlobalSection
	GlobalSection(ProjectConfigurationPlatforms) = postSolution
		{7CBE7079-23DF-4EE0-899A-62C030D89777}.Debug|Any CPU.ActiveCfg = Debug|Any CPU
		{7CBE7079-23DF-4EE0-899A-62C030D89777}.Debug|Any CPU.Build.0 = Debug|Any CPU
		{7CBE7079-23DF-4EE0-899A-62C030D89777}.Release|Any CPU.ActiveCfg = Release|Any CPU
		{7CBE7079-23DF-4EE0-899A-62C030D89777}.Release|Any CPU.Build.0 = Release|Any CPU
		{FF13BB86-E941-42C8-9419-908AC08F80E8}.Debug|Any CPU.ActiveCfg = Debug|Any CPU
		{FF13BB86-E941-42C8-9419-908AC08F80E8}.Debug|Any CPU.Build.0 = Debug|Any CPU
		{FF13BB86-E941-42C8-9419-908AC08F80E8}.Release|Any CPU.ActiveCfg = Release|Any CPU
		{FF13BB86-E941-42C8-9419-908AC08F80E8}.Release|Any CPU.Build.0 = Release|Any CPU
		{100450D0-E6CE-4D9D-8A0C-B909392F65C4}.Debug|Any CPU.ActiveCfg = Debug|Any CPU
		{100450D0-E6CE-4D9D-8A0C-B909392F65C4}.Debug|Any CPU.Build.0 = Debug|Any CPU
		{100450D0-E6CE-4D9D-8A0C-B909392F65C4}.Release|Any CPU.ActiveCfg = Release|Any CPU
		{100450D0-E6CE-4D9D-8A0C-B909392F65C4}.Release|Any CPU.Build.0 = Release|Any CPU
		{691C89B2-AD2B-49FC-B5FD-C4F97F717A45}.Debug|Any CPU.ActiveCfg = Debug|Any CPU
		{691C89B2-AD2B-49FC-B5FD-C4F97F717A45}.Debug|Any CPU.Build.0 = Debug|Any CPU
		{691C89B2-AD2B-49FC-B5FD-C4F97F717A45}.Release|Any CPU.ActiveCfg = Release|Any CPU
		{691C89B2-AD2B-49FC-B5FD-C4F97F717A45}.Release|Any CPU.Build.0 = Release|Any CPU
	EndGlobalSection
	GlobalSection(SolutionProperties) = preSolution
		HideSolutionNode = FALSE
	EndGlobalSection
	GlobalSection(NestedProjects) = preSolution
		{7CBE7079-23DF-4EE0-899A-62C030D89777} = {55C2DD39-3BE6-4123-918B-E9DBC725B6AE}
		{FF13BB86-E941-42C8-9419-908AC08F80E8} = {36D68C5A-786B-4576-940D-A636E667127A}
		{100450D0-E6CE-4D9D-8A0C-B909392F65C4} = {36D68C5A-786B-4576-940D-A636E667127A}
		{691C89B2-AD2B-49FC-B5FD-C4F97F717A45} = {36D68C5A-786B-4576-940D-A636E667127A}
	EndGlobalSection
	GlobalSection(ExtensibilityGlobals) = postSolution
		SolutionGuid = {1BEC19AE-AECE-469D-962B-4F8E4282EF8E}
	EndGlobalSection
EndGlobal
